{
  "name": "math-trainer",
  "version": "0.0.1",
  "lockfileVersion": 2,
  "requires": true,
  "packages": {
    "": {
      "name": "math-trainer",
      "version": "0.0.1",
      "license": "ISC",
      "dependencies": {
        "random": "^3.0.3"
      }
    },
    "node_modules/random": {
      "version": "3.0.3",
      "resolved": "https://registry.npmjs.org/random/-/random-3.0.3.tgz",
      "integrity": "sha512-Ppz8eI5oYbzC0dQKW3oSFFtyKnh7B1kN1kD7s6J545/aq+R1+YcqQEDJ5AZ0di3wYWbFV9otf5MaHJAhYH56Fw==",
      "dependencies": {
        "seedrandom": "^3.0.5"
      },
      "engines": {
        "node": ">=10"
      }
    },
    "node_modules/seedrandom": {
      "version": "3.0.5",
      "resolved": "https://registry.npmjs.org/seedrandom/-/seedrandom-3.0.5.tgz",
      "integrity": "sha512-8OwmbklUNzwezjGInmZ+2clQmExQPvomqjL7LFqOYqtmuxRgQYqOD3mHaU+MvZn5FLUeVxVfQjwLZW/n/JFuqg=="
    }
  },
  "dependencies": {
    "random": {
      "version": "3.0.3",
      "resolved": "https://registry.npmjs.org/random/-/random-3.0.3.tgz",
      "integrity": "sha512-Ppz8eI5oYbzC0dQKW3oSFFtyKnh7B1kN1kD7s6J545/aq+R1+YcqQEDJ5AZ0di3wYWbFV9otf5MaHJAhYH56Fw==",
      "requires": {
        "seedrandom": "^3.0.5"
      }
    },
    "seedrandom": {
      "version": "3.0.5",
      "resolved": "https://registry.npmjs.org/seedrandom/-/seedrandom-3.0.5.tgz",
      "integrity": "sha512-8OwmbklUNzwezjGInmZ+2clQmExQPvomqjL7LFqOYqtmuxRgQYqOD3mHaU+MvZn5FLUeVxVfQjwLZW/n/JFuqg=="
    }
  }
}
